
Microsoft Visual Studio Solution File, Format Version 12.00
# Visual Studio Version 17
VisualStudioVersion = 17.14.36429.23 d17.14
MinimumVisualStudioVersion = 10.0.40219.1
Project("{FAE04EC0-301F-11D3-BF4B-00C04F79EFBC}") = "PhamVanTung.SachOnline", "PhamVanTung.SachOnline.csproj", "{7E6DB90C-5435-453B-834C-AB8803C95B33}"
EndProject
Global
	GlobalSection(SolutionConfigurationPlatforms) = preSolution
		Debug|Any CPU = Debug|Any CPU
		Release|Any CPU = Release|Any CPU
	EndGlobalSection
	GlobalSection(ProjectConfigurationPlatforms) = postSolution
		{7E6DB90C-5435-453B-834C-AB8803C95B33}.Debug|Any CPU.ActiveCfg = Debug|Any CPU
		{7E6DB90C-5435-453B-834C-AB8803C95B33}.Debug|Any CPU.Build.0 = Debug|Any CPU
		{7E6DB90C-5435-453B-834C-AB8803C95B33}.Release|Any CPU.ActiveCfg = Release|Any CPU
		{7E6DB90C-5435-453B-834C-AB8803C95B33}.Release|Any CPU.Build.0 = Release|Any CPU
	EndGlobalSection
	GlobalSection(SolutionProperties) = preSolution
		HideSolutionNode = FALSE
	EndGlobalSection
	GlobalSection(ExtensibilityGlobals) = postSolution
		SolutionGuid = {D71BBF08-0FF3-4EAF-BC1E-E1E580F02A24}
	EndGlobalSection
EndGlobal
